
Microsoft Visual Studio Solution File, Format Version 12.00
# Visual Studio Version 17
VisualStudioVersion = 17.0.31903.59
MinimumVisualStudioVersion = 10.0.40219.1
Project("{2150E333-8FDC-42A3-9474-1A3956D46DE8}") = "Solution Items", "Solution Items", "{6C7370F6-4C5B-4399-A1D5-CBE50BEA0414}"
	ProjectSection(SolutionItems) = preProject
		.editorconfig = .editorconfig
		.gitattributes = .gitattributes
		.gitignore = .gitignore
		.globalconfig = .globalconfig
		.runsettings = .runsettings
		Directory.Build.props = Directory.Build.props
		Directory.Packages.props = Directory.Packages.props
		global.json = global.json
		LICENSE = LICENSE
		NuGet.config = NuGet.config
		README.md = README.md
		stylecop.json = stylecop.json
	EndProjectSection
EndProject
Project("{2150E333-8FDC-42A3-9474-1A3956D46DE8}") = "src", "src", "{A2E7B76A-A418-4167-9D47-5D7C6555A0AF}"
EndProject
Project("{FAE04EC0-301F-11D3-BF4B-00C04F79EFBC}") = "SteamExporter.Cli", "src\Cli\SteamExporter.Cli.csproj", "{A97D0335-90C7-490D-9DBE-3BACAF977E3B}"
EndProject
Project("{FAE04EC0-301F-11D3-BF4B-00C04F79EFBC}") = "SteamExporter.Core", "src\Core\SteamExporter.Core.csproj", "{E301BFAA-4359-4B0D-8A49-3169E3B96C20}"
EndProject
Project("{2150E333-8FDC-42A3-9474-1A3956D46DE8}") = "tests", "tests", "{CAF7420C-7DAC-443B-BCAF-911938ACB0C0}"
	ProjectSection(SolutionItems) = preProject
		tests\Directory.Build.props = tests\Directory.Build.props
		tests\TestingSuppressions.cs = tests\TestingSuppressions.cs
		tests\xunit.runner.json = tests\xunit.runner.json
	EndProjectSection
EndProject
Project("{FAE04EC0-301F-11D3-BF4B-00C04F79EFBC}") = "SteamExporter.Cli.Facts", "tests\Cli.Facts\SteamExporter.Cli.Facts.csproj", "{C1E5D732-70E7-429E-AE0E-553F0F616A9D}"
EndProject
Project("{FAE04EC0-301F-11D3-BF4B-00C04F79EFBC}") = "SteamExporter.Core.Facts", "tests\Core.Facts\SteamExporter.Core.Facts.csproj", "{C6C5C5C2-C930-4F52-85E6-928C87E6CF8F}"
EndProject
Project("{2150E333-8FDC-42A3-9474-1A3956D46DE8}") = "tools", "tools", "{78F42C98-8441-419D-923C-2B7DFF32BD8F}"
EndProject
Project("{FAE04EC0-301F-11D3-BF4B-00C04F79EFBC}") = "SteamExporter.Dev", "tools\Dev\SteamExporter.Dev.csproj", "{E3B36DFA-6623-4159-ABC2-4F77686149BC}"
EndProject
Global
	GlobalSection(SolutionConfigurationPlatforms) = preSolution
		Debug|Any CPU = Debug|Any CPU
		Release|Any CPU = Release|Any CPU
	EndGlobalSection
	GlobalSection(ProjectConfigurationPlatforms) = postSolution
		{A97D0335-90C7-490D-9DBE-3BACAF977E3B}.Debug|Any CPU.ActiveCfg = Debug|Any CPU
		{A97D0335-90C7-490D-9DBE-3BACAF977E3B}.Debug|Any CPU.Build.0 = Debug|Any CPU
		{A97D0335-90C7-490D-9DBE-3BACAF977E3B}.Release|Any CPU.ActiveCfg = Release|Any CPU
		{A97D0335-90C7-490D-9DBE-3BACAF977E3B}.Release|Any CPU.Build.0 = Release|Any CPU
		{E301BFAA-4359-4B0D-8A49-3169E3B96C20}.Debug|Any CPU.ActiveCfg = Debug|Any CPU
		{E301BFAA-4359-4B0D-8A49-3169E3B96C20}.Debug|Any CPU.Build.0 = Debug|Any CPU
		{E301BFAA-4359-4B0D-8A49-3169E3B96C20}.Release|Any CPU.ActiveCfg = Release|Any CPU
		{E301BFAA-4359-4B0D-8A49-3169E3B96C20}.Release|Any CPU.Build.0 = Release|Any CPU
		{C1E5D732-70E7-429E-AE0E-553F0F616A9D}.Debug|Any CPU.ActiveCfg = Debug|Any CPU
		{C1E5D732-70E7-429E-AE0E-553F0F616A9D}.Debug|Any CPU.Build.0 = Debug|Any CPU
		{C1E5D732-70E7-429E-AE0E-553F0F616A9D}.Release|Any CPU.ActiveCfg = Release|Any CPU
		{C1E5D732-70E7-429E-AE0E-553F0F616A9D}.Release|Any CPU.Build.0 = Release|Any CPU
		{C6C5C5C2-C930-4F52-85E6-928C87E6CF8F}.Debug|Any CPU.ActiveCfg = Debug|Any CPU
		{C6C5C5C2-C930-4F52-85E6-928C87E6CF8F}.Debug|Any CPU.Build.0 = Debug|Any CPU
		{C6C5C5C2-C930-4F52-85E6-928C87E6CF8F}.Release|Any CPU.ActiveCfg = Release|Any CPU
		{C6C5C5C2-C930-4F52-85E6-928C87E6CF8F}.Release|Any CPU.Build.0 = Release|Any CPU
		{E3B36DFA-6623-4159-ABC2-4F77686149BC}.Debug|Any CPU.ActiveCfg = Debug|Any CPU
		{E3B36DFA-6623-4159-ABC2-4F77686149BC}.Debug|Any CPU.Build.0 = Debug|Any CPU
		{E3B36DFA-6623-4159-ABC2-4F77686149BC}.Release|Any CPU.ActiveCfg = Release|Any CPU
		{E3B36DFA-6623-4159-ABC2-4F77686149BC}.Release|Any CPU.Build.0 = Release|Any CPU
	EndGlobalSection
	GlobalSection(SolutionProperties) = preSolution
		HideSolutionNode = FALSE
	EndGlobalSection
	GlobalSection(NestedProjects) = preSolution
		{A97D0335-90C7-490D-9DBE-3BACAF977E3B} = {A2E7B76A-A418-4167-9D47-5D7C6555A0AF}
		{E301BFAA-4359-4B0D-8A49-3169E3B96C20} = {A2E7B76A-A418-4167-9D47-5D7C6555A0AF}
		{C1E5D732-70E7-429E-AE0E-553F0F616A9D} = {CAF7420C-7DAC-443B-BCAF-911938ACB0C0}
		{C6C5C5C2-C930-4F52-85E6-928C87E6CF8F} = {CAF7420C-7DAC-443B-BCAF-911938ACB0C0}
		{E3B36DFA-6623-4159-ABC2-4F77686149BC} = {78F42C98-8441-419D-923C-2B7DFF32BD8F}
	EndGlobalSection
	GlobalSection(ExtensibilityGlobals) = postSolution
		SolutionGuid = {A29294F7-512B-4FE8-82AD-ED703326FC0F}
	EndGlobalSection
EndGlobal
